
Microsoft Visual Studio Solution File, Format Version 12.00
# Visual Studio Version 17
VisualStudioVersion = 17.13.35931.197 d17.13
MinimumVisualStudioVersion = 10.0.40219.1
Project("{FAE04EC0-301F-11D3-BF4B-00C04F79EFBC}") = "KutipSmart", "KutipSmart\KutipSmart.csproj", "{B80941C2-D191-41FB-8C7A-EA61F2408CA6}"
EndProject
Global
	GlobalSection(SolutionConfigurationPlatforms) = preSolution
		Debug|Any CPU = Debug|Any CPU
		Release|Any CPU = Release|Any CPU
	EndGlobalSection
	GlobalSection(ProjectConfigurationPlatforms) = postSolution
		{B80941C2-D191-41FB-8C7A-EA61F2408CA6}.Debug|Any CPU.ActiveCfg = Debug|Any CPU
		{B80941C2-D191-41FB-8C7A-EA61F2408CA6}.Debug|Any CPU.Build.0 = Debug|Any CPU
		{B80941C2-D191-41FB-8C7A-EA61F2408CA6}.Release|Any CPU.ActiveCfg = Release|Any CPU
		{B80941C2-D191-41FB-8C7A-EA61F2408CA6}.Release|Any CPU.Build.0 = Release|Any CPU
	EndGlobalSection
	GlobalSection(SolutionProperties) = preSolution
		HideSolutionNode = FALSE
	EndGlobalSection
	GlobalSection(ExtensibilityGlobals) = postSolution
		SolutionGuid = {195EB265-BF54-408C-8346-111B735F8C34}
	EndGlobalSection
EndGlobal
